
Microsoft Visual Studio Solution File, Format Version 12.00
# Visual Studio 15
VisualStudioVersion = 15.0.27428.2011
MinimumVisualStudioVersion = 10.0.40219.1
Project("{8BC9CEB8-8B4A-11D0-8D11-00A0C91BC942}") = "JsonConfig", "JsonConfig.vcxproj", "{30493A51-7599-4623-AA74-7A5BCB4625B1}"
EndProject
Global
	GlobalSection(SolutionConfigurationPlatforms) = preSolution
		Debug|x64 = Debug|x64
		Debug|x86 = Debug|x86
		Release|x64 = Release|x64
		Release|x86 = Release|x86
	EndGlobalSection
	GlobalSection(ProjectConfigurationPlatforms) = postSolution
		{30493A51-7599-4623-AA74-7A5BCB4625B1}.Debug|x64.ActiveCfg = Debug|x64
		{30493A51-7599-4623-AA74-7A5BCB4625B1}.Debug|x64.Build.0 = Debug|x64
		{30493A51-7599-4623-AA74-7A5BCB4625B1}.Debug|x86.ActiveCfg = Debug|Win32
		{30493A51-7599-4623-AA74-7A5BCB4625B1}.Debug|x86.Build.0 = Debug|Win32
		{30493A51-7599-4623-AA74-7A5BCB4625B1}.Release|x64.ActiveCfg = Release|x64
		{30493A51-7599-4623-AA74-7A5BCB4625B1}.Release|x64.Build.0 = Release|x64
		{30493A51-7599-4623-AA74-7A5BCB4625B1}.Release|x86.ActiveCfg = Release|Win32
		{30493A51-7599-4623-AA74-7A5BCB4625B1}.Release|x86.Build.0 = Release|Win32
	EndGlobalSection
	GlobalSection(SolutionProperties) = preSolution
		HideSolutionNode = FALSE
	EndGlobalSection
	GlobalSection(ExtensibilityGlobals) = postSolution
		SolutionGuid = {4F17E13E-3EBC-4496-A64D-A542F2273DB0}
	EndGlobalSection
EndGlobal
